
Microsoft Visual Studio Solution File, Format Version 12.00
# Visual Studio Version 17
VisualStudioVersion = 17.0.32014.148
MinimumVisualStudioVersion = 10.0.40219.1
Project("{9A19103F-16F7-4668-BE54-9A1E7A4F7556}") = "K205Agency", "K205Agency.csproj", "{D7AF8DA2-C632-402F-AD9B-CAEAC0A04901}"
EndProject
Global
	GlobalSection(SolutionConfigurationPlatforms) = preSolution
		Debug|Any CPU = Debug|Any CPU
		Release|Any CPU = Release|Any CPU
	EndGlobalSection
	GlobalSection(ProjectConfigurationPlatforms) = postSolution
		{D7AF8DA2-C632-402F-AD9B-CAEAC0A04901}.Debug|Any CPU.ActiveCfg = Debug|Any CPU
		{D7AF8DA2-C632-402F-AD9B-CAEAC0A04901}.Debug|Any CPU.Build.0 = Debug|Any CPU
		{D7AF8DA2-C632-402F-AD9B-CAEAC0A04901}.Release|Any CPU.ActiveCfg = Release|Any CPU
		{D7AF8DA2-C632-402F-AD9B-CAEAC0A04901}.Release|Any CPU.Build.0 = Release|Any CPU
	EndGlobalSection
	GlobalSection(SolutionProperties) = preSolution
		HideSolutionNode = FALSE
	EndGlobalSection
	GlobalSection(ExtensibilityGlobals) = postSolution
		SolutionGuid = {7493C7CB-1C74-4E81-89CD-60BE87E12114}
	EndGlobalSection
EndGlobal
